
Microsoft Visual Studio Solution File, Format Version 12.00
# Visual Studio Version 16
VisualStudioVersion = 16.0.30804.86
MinimumVisualStudioVersion = 10.0.40219.1
Project("{FAE04EC0-301F-11D3-BF4B-00C04F79EFBC}") = "WebProje5", "WebProje5\WebProje5.csproj", "{5F428B6F-BB9F-41B6-93C4-D4067D959E82}"
EndProject
Global
	GlobalSection(SolutionConfigurationPlatforms) = preSolution
		Debug|Any CPU = Debug|Any CPU
		Release|Any CPU = Release|Any CPU
	EndGlobalSection
	GlobalSection(ProjectConfigurationPlatforms) = postSolution
		{5F428B6F-BB9F-41B6-93C4-D4067D959E82}.Debug|Any CPU.ActiveCfg = Debug|Any CPU
		{5F428B6F-BB9F-41B6-93C4-D4067D959E82}.Debug|Any CPU.Build.0 = Debug|Any CPU
		{5F428B6F-BB9F-41B6-93C4-D4067D959E82}.Release|Any CPU.ActiveCfg = Release|Any CPU
		{5F428B6F-BB9F-41B6-93C4-D4067D959E82}.Release|Any CPU.Build.0 = Release|Any CPU
	EndGlobalSection
	GlobalSection(SolutionProperties) = preSolution
		HideSolutionNode = FALSE
	EndGlobalSection
	GlobalSection(ExtensibilityGlobals) = postSolution
		SolutionGuid = {199912BD-4F4E-42B0-B10B-C7FEF7712BD8}
	EndGlobalSection
EndGlobal
